
Microsoft Visual Studio Solution File, Format Version 12.00
# Visual Studio Version 17
VisualStudioVersion = 17.4.33403.182
MinimumVisualStudioVersion = 10.0.40219.1
Project("{FAE04EC0-301F-11D3-BF4B-00C04F79EFBC}") = "everytime_api_web", "everytime_api_web\everytime_api_web.csproj", "{E32490A0-FA77-4B72-8B2C-267A6A80D01D}"
EndProject
Global
	GlobalSection(SolutionConfigurationPlatforms) = preSolution
		Debug|Any CPU = Debug|Any CPU
		Release|Any CPU = Release|Any CPU
	EndGlobalSection
	GlobalSection(ProjectConfigurationPlatforms) = postSolution
		{E32490A0-FA77-4B72-8B2C-267A6A80D01D}.Debug|Any CPU.ActiveCfg = Debug|Any CPU
		{E32490A0-FA77-4B72-8B2C-267A6A80D01D}.Debug|Any CPU.Build.0 = Debug|Any CPU
		{E32490A0-FA77-4B72-8B2C-267A6A80D01D}.Release|Any CPU.ActiveCfg = Release|Any CPU
		{E32490A0-FA77-4B72-8B2C-267A6A80D01D}.Release|Any CPU.Build.0 = Release|Any CPU
	EndGlobalSection
	GlobalSection(SolutionProperties) = preSolution
		HideSolutionNode = FALSE
	EndGlobalSection
	GlobalSection(ExtensibilityGlobals) = postSolution
		SolutionGuid = {0210A7CB-81CC-41D5-9DA8-6A57AD30FD48}
	EndGlobalSection
EndGlobal
